
Microsoft Visual Studio Solution File, Format Version 12.00
# Visual Studio Version 17
VisualStudioVersion = 17.5.002.0
MinimumVisualStudioVersion = 10.0.40219.1
Project("{9A19103F-16F7-4668-BE54-9A1E7A4F7556}") = "DesafioProjetoHospedagem", "DesafioProjetoHospedagem.csproj", "{89CD9E51-914B-42F6-848F-2D79A43B2CC3}"
EndProject
Global
	GlobalSection(SolutionConfigurationPlatforms) = preSolution
		Debug|Any CPU = Debug|Any CPU
		Release|Any CPU = Release|Any CPU
	EndGlobalSection
	GlobalSection(ProjectConfigurationPlatforms) = postSolution
		{89CD9E51-914B-42F6-848F-2D79A43B2CC3}.Debug|Any CPU.ActiveCfg = Debug|Any CPU
		{89CD9E51-914B-42F6-848F-2D79A43B2CC3}.Debug|Any CPU.Build.0 = Debug|Any CPU
		{89CD9E51-914B-42F6-848F-2D79A43B2CC3}.Release|Any CPU.ActiveCfg = Release|Any CPU
		{89CD9E51-914B-42F6-848F-2D79A43B2CC3}.Release|Any CPU.Build.0 = Release|Any CPU
	EndGlobalSection
	GlobalSection(SolutionProperties) = preSolution
		HideSolutionNode = FALSE
	EndGlobalSection
	GlobalSection(ExtensibilityGlobals) = postSolution
		SolutionGuid = {CEC21F76-7E70-46DD-88E1-DEE76883E277}
	EndGlobalSection
EndGlobal
